
Microsoft Visual Studio Solution File, Format Version 12.00
# Visual Studio 15
VisualStudioVersion = 15.0.26124.0
MinimumVisualStudioVersion = 15.0.26124.0
Project("{2150E333-8FDC-42A3-9474-1A3956D46DE8}") = "src", "src", "{D2F448AE-516F-4EE9-AF7D-3E63C9C9AB98}"
EndProject
Project("{FAE04EC0-301F-11D3-BF4B-00C04F79EFBC}") = "GradeBook", "src\GradeBook\GradeBook.csproj", "{4E8FC5D6-4680-43E1-B87D-F8A239BEEFBF}"
EndProject
Project("{2150E333-8FDC-42A3-9474-1A3956D46DE8}") = "test", "test", "{F3F74FD2-B2BE-4132-B7D1-106BDCCC66F8}"
EndProject
Project("{FAE04EC0-301F-11D3-BF4B-00C04F79EFBC}") = "GradeBook.Tests", "test\GradeBook.Tests\GradeBook.Tests.csproj", "{FF835881-1D70-4D58-A2F5-965736649DA6}"
EndProject
Global
	GlobalSection(SolutionConfigurationPlatforms) = preSolution
		Debug|Any CPU = Debug|Any CPU
		Debug|x64 = Debug|x64
		Debug|x86 = Debug|x86
		Release|Any CPU = Release|Any CPU
		Release|x64 = Release|x64
		Release|x86 = Release|x86
	EndGlobalSection
	GlobalSection(SolutionProperties) = preSolution
		HideSolutionNode = FALSE
	EndGlobalSection
	GlobalSection(ProjectConfigurationPlatforms) = postSolution
		{4E8FC5D6-4680-43E1-B87D-F8A239BEEFBF}.Debug|Any CPU.ActiveCfg = Debug|Any CPU
		{4E8FC5D6-4680-43E1-B87D-F8A239BEEFBF}.Debug|Any CPU.Build.0 = Debug|Any CPU
		{4E8FC5D6-4680-43E1-B87D-F8A239BEEFBF}.Debug|x64.ActiveCfg = Debug|Any CPU
		{4E8FC5D6-4680-43E1-B87D-F8A239BEEFBF}.Debug|x64.Build.0 = Debug|Any CPU
		{4E8FC5D6-4680-43E1-B87D-F8A239BEEFBF}.Debug|x86.ActiveCfg = Debug|Any CPU
		{4E8FC5D6-4680-43E1-B87D-F8A239BEEFBF}.Debug|x86.Build.0 = Debug|Any CPU
		{4E8FC5D6-4680-43E1-B87D-F8A239BEEFBF}.Release|Any CPU.ActiveCfg = Release|Any CPU
		{4E8FC5D6-4680-43E1-B87D-F8A239BEEFBF}.Release|Any CPU.Build.0 = Release|Any CPU
		{4E8FC5D6-4680-43E1-B87D-F8A239BEEFBF}.Release|x64.ActiveCfg = Release|Any CPU
		{4E8FC5D6-4680-43E1-B87D-F8A239BEEFBF}.Release|x64.Build.0 = Release|Any CPU
		{4E8FC5D6-4680-43E1-B87D-F8A239BEEFBF}.Release|x86.ActiveCfg = Release|Any CPU
		{4E8FC5D6-4680-43E1-B87D-F8A239BEEFBF}.Release|x86.Build.0 = Release|Any CPU
		{FF835881-1D70-4D58-A2F5-965736649DA6}.Debug|Any CPU.ActiveCfg = Debug|Any CPU
		{FF835881-1D70-4D58-A2F5-965736649DA6}.Debug|Any CPU.Build.0 = Debug|Any CPU
		{FF835881-1D70-4D58-A2F5-965736649DA6}.Debug|x64.ActiveCfg = Debug|Any CPU
		{FF835881-1D70-4D58-A2F5-965736649DA6}.Debug|x64.Build.0 = Debug|Any CPU
		{FF835881-1D70-4D58-A2F5-965736649DA6}.Debug|x86.ActiveCfg = Debug|Any CPU
		{FF835881-1D70-4D58-A2F5-965736649DA6}.Debug|x86.Build.0 = Debug|Any CPU
		{FF835881-1D70-4D58-A2F5-965736649DA6}.Release|Any CPU.ActiveCfg = Release|Any CPU
		{FF835881-1D70-4D58-A2F5-965736649DA6}.Release|Any CPU.Build.0 = Release|Any CPU
		{FF835881-1D70-4D58-A2F5-965736649DA6}.Release|x64.ActiveCfg = Release|Any CPU
		{FF835881-1D70-4D58-A2F5-965736649DA6}.Release|x64.Build.0 = Release|Any CPU
		{FF835881-1D70-4D58-A2F5-965736649DA6}.Release|x86.ActiveCfg = Release|Any CPU
		{FF835881-1D70-4D58-A2F5-965736649DA6}.Release|x86.Build.0 = Release|Any CPU
	EndGlobalSection
	GlobalSection(NestedProjects) = preSolution
		{4E8FC5D6-4680-43E1-B87D-F8A239BEEFBF} = {D2F448AE-516F-4EE9-AF7D-3E63C9C9AB98}
		{FF835881-1D70-4D58-A2F5-965736649DA6} = {F3F74FD2-B2BE-4132-B7D1-106BDCCC66F8}
	EndGlobalSection
EndGlobal
