
Microsoft Visual Studio Solution File, Format Version 12.00
# Visual Studio Version 16
VisualStudioVersion = 16.0.29123.88
MinimumVisualStudioVersion = 10.0.40219.1
Project("{FAE04EC0-301F-11D3-BF4B-00C04F79EFBC}") = "SessionBuilder.Web", "SessionBuilder.Web\SessionBuilder.Web.csproj", "{EDD414B5-AB22-4350-A423-CF16431799E1}"
EndProject
Project("{FAE04EC0-301F-11D3-BF4B-00C04F79EFBC}") = "SessionBuilder.Core", "..\SessionBuilder.Core\SessionBuilder.Core.csproj", "{570E74D2-5FF9-4366-8E46-4221A0BFC53A}"
EndProject
Global
	GlobalSection(SolutionConfigurationPlatforms) = preSolution
		Debug|Any CPU = Debug|Any CPU
		Release|Any CPU = Release|Any CPU
	EndGlobalSection
	GlobalSection(ProjectConfigurationPlatforms) = postSolution
		{EDD414B5-AB22-4350-A423-CF16431799E1}.Debug|Any CPU.ActiveCfg = Debug|Any CPU
		{EDD414B5-AB22-4350-A423-CF16431799E1}.Debug|Any CPU.Build.0 = Debug|Any CPU
		{EDD414B5-AB22-4350-A423-CF16431799E1}.Release|Any CPU.ActiveCfg = Release|Any CPU
		{EDD414B5-AB22-4350-A423-CF16431799E1}.Release|Any CPU.Build.0 = Release|Any CPU
		{570E74D2-5FF9-4366-8E46-4221A0BFC53A}.Debug|Any CPU.ActiveCfg = Debug|Any CPU
		{570E74D2-5FF9-4366-8E46-4221A0BFC53A}.Debug|Any CPU.Build.0 = Debug|Any CPU
		{570E74D2-5FF9-4366-8E46-4221A0BFC53A}.Release|Any CPU.ActiveCfg = Release|Any CPU
		{570E74D2-5FF9-4366-8E46-4221A0BFC53A}.Release|Any CPU.Build.0 = Release|Any CPU
	EndGlobalSection
	GlobalSection(SolutionProperties) = preSolution
		HideSolutionNode = FALSE
	EndGlobalSection
	GlobalSection(ExtensibilityGlobals) = postSolution
		SolutionGuid = {83CC8AC7-E022-4126-A388-479FA9AB1E3F}
	EndGlobalSection
EndGlobal
