
Microsoft Visual Studio Solution File, Format Version 12.00
# Visual Studio Version 16
VisualStudioVersion = 16.0.29123.88
MinimumVisualStudioVersion = 10.0.40219.1
Project("{9A19103F-16F7-4668-BE54-9A1E7A4F7556}") = "Person.Service", "Person.ServiceRepository\Person.Service.csproj", "{F5ADECDC-BF34-45C7-A142-869714412DE0}"
EndProject
Project("{9A19103F-16F7-4668-BE54-9A1E7A4F7556}") = "Person.Csv", "Person.CsvRepository\Person.Csv.csproj", "{F2678FDA-7846-442C-A3EF-04530BA0BA40}"
EndProject
Project("{9A19103F-16F7-4668-BE54-9A1E7A4F7556}") = "Person.Repository", "Person\Person.Repository.csproj", "{99FE6F4C-6ABE-48FA-8A7F-88F309B8532C}"
EndProject
Project("{2150E333-8FDC-42A3-9474-1A3956D46DE8}") = "Services", "Services", "{503551DA-257E-45A2-BB3B-C1DAB805F9E4}"
EndProject
Project("{2150E333-8FDC-42A3-9474-1A3956D46DE8}") = "Repository", "Repository", "{2D2CB485-54E4-454D-AFA4-2F28A8D2D187}"
EndProject
Project("{9A19103F-16F7-4668-BE54-9A1E7A4F7556}") = "PersonViewer", "PersonViewer\PersonViewer.csproj", "{A5197C1E-22BC-41B4-9EC0-2E8939572120}"
EndProject
Project("{FAE04EC0-301F-11D3-BF4B-00C04F79EFBC}") = "Person.TestMock", "Person.TestMock\Person.TestMock.csproj", "{4324EF86-6342-48F4-84B3-3D7ABE0AF094}"
EndProject
Global
	GlobalSection(SolutionConfigurationPlatforms) = preSolution
		Debug|Any CPU = Debug|Any CPU
		Release|Any CPU = Release|Any CPU
	EndGlobalSection
	GlobalSection(ProjectConfigurationPlatforms) = postSolution
		{F5ADECDC-BF34-45C7-A142-869714412DE0}.Debug|Any CPU.ActiveCfg = Debug|Any CPU
		{F5ADECDC-BF34-45C7-A142-869714412DE0}.Debug|Any CPU.Build.0 = Debug|Any CPU
		{F5ADECDC-BF34-45C7-A142-869714412DE0}.Release|Any CPU.ActiveCfg = Release|Any CPU
		{F5ADECDC-BF34-45C7-A142-869714412DE0}.Release|Any CPU.Build.0 = Release|Any CPU
		{F2678FDA-7846-442C-A3EF-04530BA0BA40}.Debug|Any CPU.ActiveCfg = Debug|Any CPU
		{F2678FDA-7846-442C-A3EF-04530BA0BA40}.Debug|Any CPU.Build.0 = Debug|Any CPU
		{F2678FDA-7846-442C-A3EF-04530BA0BA40}.Release|Any CPU.ActiveCfg = Release|Any CPU
		{F2678FDA-7846-442C-A3EF-04530BA0BA40}.Release|Any CPU.Build.0 = Release|Any CPU
		{99FE6F4C-6ABE-48FA-8A7F-88F309B8532C}.Debug|Any CPU.ActiveCfg = Debug|Any CPU
		{99FE6F4C-6ABE-48FA-8A7F-88F309B8532C}.Debug|Any CPU.Build.0 = Debug|Any CPU
		{99FE6F4C-6ABE-48FA-8A7F-88F309B8532C}.Release|Any CPU.ActiveCfg = Release|Any CPU
		{99FE6F4C-6ABE-48FA-8A7F-88F309B8532C}.Release|Any CPU.Build.0 = Release|Any CPU
		{A5197C1E-22BC-41B4-9EC0-2E8939572120}.Debug|Any CPU.ActiveCfg = Debug|Any CPU
		{A5197C1E-22BC-41B4-9EC0-2E8939572120}.Debug|Any CPU.Build.0 = Debug|Any CPU
		{A5197C1E-22BC-41B4-9EC0-2E8939572120}.Release|Any CPU.ActiveCfg = Release|Any CPU
		{A5197C1E-22BC-41B4-9EC0-2E8939572120}.Release|Any CPU.Build.0 = Release|Any CPU
		{4324EF86-6342-48F4-84B3-3D7ABE0AF094}.Debug|Any CPU.ActiveCfg = Debug|Any CPU
		{4324EF86-6342-48F4-84B3-3D7ABE0AF094}.Debug|Any CPU.Build.0 = Debug|Any CPU
		{4324EF86-6342-48F4-84B3-3D7ABE0AF094}.Release|Any CPU.ActiveCfg = Release|Any CPU
		{4324EF86-6342-48F4-84B3-3D7ABE0AF094}.Release|Any CPU.Build.0 = Release|Any CPU
	EndGlobalSection
	GlobalSection(SolutionProperties) = preSolution
		HideSolutionNode = FALSE
	EndGlobalSection
	GlobalSection(NestedProjects) = preSolution
		{F5ADECDC-BF34-45C7-A142-869714412DE0} = {503551DA-257E-45A2-BB3B-C1DAB805F9E4}
		{F2678FDA-7846-442C-A3EF-04530BA0BA40} = {503551DA-257E-45A2-BB3B-C1DAB805F9E4}
		{99FE6F4C-6ABE-48FA-8A7F-88F309B8532C} = {2D2CB485-54E4-454D-AFA4-2F28A8D2D187}
		{4324EF86-6342-48F4-84B3-3D7ABE0AF094} = {503551DA-257E-45A2-BB3B-C1DAB805F9E4}
	EndGlobalSection
	GlobalSection(ExtensibilityGlobals) = postSolution
		SolutionGuid = {B7F7CA2E-75FC-4474-94A7-C9A3DF4D0DDC}
	EndGlobalSection
EndGlobal
