
Microsoft Visual Studio Solution File, Format Version 12.00
# Visual Studio 15
VisualStudioVersion = 15.0.26124.0
MinimumVisualStudioVersion = 15.0.26124.0
Project("{2150E333-8FDC-42A3-9474-1A3956D46DE8}") = "src", "src", "{3A2E5B8E-7D78-4600-B677-BFB460D684BC}"
EndProject
Project("{FAE04EC0-301F-11D3-BF4B-00C04F79EFBC}") = "PlayGround", "src\PlayGround\PlayGround.csproj", "{2EC0CC94-05CC-4F97-84DA-08ED37E5C9FB}"
EndProject
Project("{FAE04EC0-301F-11D3-BF4B-00C04F79EFBC}") = "test", "test\test.csproj", "{BCFC479A-F917-4E99-990B-7A323D2C0E4E}"
EndProject
Global
	GlobalSection(SolutionConfigurationPlatforms) = preSolution
		Debug|Any CPU = Debug|Any CPU
		Debug|x64 = Debug|x64
		Debug|x86 = Debug|x86
		Release|Any CPU = Release|Any CPU
		Release|x64 = Release|x64
		Release|x86 = Release|x86
	EndGlobalSection
	GlobalSection(SolutionProperties) = preSolution
		HideSolutionNode = FALSE
	EndGlobalSection
	GlobalSection(ProjectConfigurationPlatforms) = postSolution
		{2EC0CC94-05CC-4F97-84DA-08ED37E5C9FB}.Debug|Any CPU.ActiveCfg = Debug|Any CPU
		{2EC0CC94-05CC-4F97-84DA-08ED37E5C9FB}.Debug|Any CPU.Build.0 = Debug|Any CPU
		{2EC0CC94-05CC-4F97-84DA-08ED37E5C9FB}.Debug|x64.ActiveCfg = Debug|Any CPU
		{2EC0CC94-05CC-4F97-84DA-08ED37E5C9FB}.Debug|x64.Build.0 = Debug|Any CPU
		{2EC0CC94-05CC-4F97-84DA-08ED37E5C9FB}.Debug|x86.ActiveCfg = Debug|Any CPU
		{2EC0CC94-05CC-4F97-84DA-08ED37E5C9FB}.Debug|x86.Build.0 = Debug|Any CPU
		{2EC0CC94-05CC-4F97-84DA-08ED37E5C9FB}.Release|Any CPU.ActiveCfg = Release|Any CPU
		{2EC0CC94-05CC-4F97-84DA-08ED37E5C9FB}.Release|Any CPU.Build.0 = Release|Any CPU
		{2EC0CC94-05CC-4F97-84DA-08ED37E5C9FB}.Release|x64.ActiveCfg = Release|Any CPU
		{2EC0CC94-05CC-4F97-84DA-08ED37E5C9FB}.Release|x64.Build.0 = Release|Any CPU
		{2EC0CC94-05CC-4F97-84DA-08ED37E5C9FB}.Release|x86.ActiveCfg = Release|Any CPU
		{2EC0CC94-05CC-4F97-84DA-08ED37E5C9FB}.Release|x86.Build.0 = Release|Any CPU
		{BCFC479A-F917-4E99-990B-7A323D2C0E4E}.Debug|Any CPU.ActiveCfg = Debug|Any CPU
		{BCFC479A-F917-4E99-990B-7A323D2C0E4E}.Debug|Any CPU.Build.0 = Debug|Any CPU
		{BCFC479A-F917-4E99-990B-7A323D2C0E4E}.Debug|x64.ActiveCfg = Debug|Any CPU
		{BCFC479A-F917-4E99-990B-7A323D2C0E4E}.Debug|x64.Build.0 = Debug|Any CPU
		{BCFC479A-F917-4E99-990B-7A323D2C0E4E}.Debug|x86.ActiveCfg = Debug|Any CPU
		{BCFC479A-F917-4E99-990B-7A323D2C0E4E}.Debug|x86.Build.0 = Debug|Any CPU
		{BCFC479A-F917-4E99-990B-7A323D2C0E4E}.Release|Any CPU.ActiveCfg = Release|Any CPU
		{BCFC479A-F917-4E99-990B-7A323D2C0E4E}.Release|Any CPU.Build.0 = Release|Any CPU
		{BCFC479A-F917-4E99-990B-7A323D2C0E4E}.Release|x64.ActiveCfg = Release|Any CPU
		{BCFC479A-F917-4E99-990B-7A323D2C0E4E}.Release|x64.Build.0 = Release|Any CPU
		{BCFC479A-F917-4E99-990B-7A323D2C0E4E}.Release|x86.ActiveCfg = Release|Any CPU
		{BCFC479A-F917-4E99-990B-7A323D2C0E4E}.Release|x86.Build.0 = Release|Any CPU
	EndGlobalSection
	GlobalSection(NestedProjects) = preSolution
		{2EC0CC94-05CC-4F97-84DA-08ED37E5C9FB} = {3A2E5B8E-7D78-4600-B677-BFB460D684BC}
	EndGlobalSection
EndGlobal
